
Microsoft Visual Studio Solution File, Format Version 12.00
Project("{FAE04EC0-301F-11D3-BF4B-00C04F79EFBC}") = "MarkGravestock.MarsRoverKata", "MarkGravestock.MarsRoverKata\MarkGravestock.MarsRoverKata.csproj", "{A991A00B-5B2F-4B92-8FAE-9366A94DE168}"
EndProject
Global
	GlobalSection(SolutionConfigurationPlatforms) = preSolution
		Debug|Any CPU = Debug|Any CPU
		Release|Any CPU = Release|Any CPU
	EndGlobalSection
	GlobalSection(ProjectConfigurationPlatforms) = postSolution
		{A991A00B-5B2F-4B92-8FAE-9366A94DE168}.Debug|Any CPU.ActiveCfg = Debug|Any CPU
		{A991A00B-5B2F-4B92-8FAE-9366A94DE168}.Debug|Any CPU.Build.0 = Debug|Any CPU
		{A991A00B-5B2F-4B92-8FAE-9366A94DE168}.Release|Any CPU.ActiveCfg = Release|Any CPU
		{A991A00B-5B2F-4B92-8FAE-9366A94DE168}.Release|Any CPU.Build.0 = Release|Any CPU
	EndGlobalSection
EndGlobal
